
Microsoft Visual Studio Solution File, Format Version 12.00
# Visual Studio 15
VisualStudioVersion = 15.0.27130.2036
MinimumVisualStudioVersion = 10.0.40219.1
Project("{FAE04EC0-301F-11D3-BF4B-00C04F79EFBC}") = "strings", "strings\strings.csproj", "{53899CA7-5922-4E80-8DBF-5C3E37EF9BAD}"
EndProject
Global
	GlobalSection(SolutionConfigurationPlatforms) = preSolution
		Debug|Any CPU = Debug|Any CPU
		Release|Any CPU = Release|Any CPU
	EndGlobalSection
	GlobalSection(ProjectConfigurationPlatforms) = postSolution
		{53899CA7-5922-4E80-8DBF-5C3E37EF9BAD}.Debug|Any CPU.ActiveCfg = Debug|Any CPU
		{53899CA7-5922-4E80-8DBF-5C3E37EF9BAD}.Debug|Any CPU.Build.0 = Debug|Any CPU
		{53899CA7-5922-4E80-8DBF-5C3E37EF9BAD}.Release|Any CPU.ActiveCfg = Release|Any CPU
		{53899CA7-5922-4E80-8DBF-5C3E37EF9BAD}.Release|Any CPU.Build.0 = Release|Any CPU
	EndGlobalSection
	GlobalSection(SolutionProperties) = preSolution
		HideSolutionNode = FALSE
	EndGlobalSection
	GlobalSection(ExtensibilityGlobals) = postSolution
		SolutionGuid = {1D67B364-FD0A-49B5-89FD-1609F49DF09A}
	EndGlobalSection
EndGlobal
